// !$*UTF8*$!
{
	archiveVersion = 1;
	classes = {
	};
	objectVersion = 51;
	objects = {

/* Begin PBXBuildFile section */
		09DD8BB925BDCB7800E7573D /* Habits+CoreDataClass.swift in Sources */ = {isa = PBXBuildFile; fileRef = 09DD8BB725BDCB7800E7573D /* Habits+CoreDataClass.swift */; };
		09DD8BBA25BDCB7800E7573D /* Habits+CoreDataProperties.swift in Sources */ = {isa = PBXBuildFile; fileRef = 09DD8BB825BDCB7800E7573D /* Habits+CoreDataProperties.swift */; };
		C65DA8212585456000B3BBDB /* SaveCoreData.swift in Sources */ = {isa = PBXBuildFile; fileRef = C65DA8202585456000B3BBDB /* SaveCoreData.swift */; };
		C66329682599CC7600EAD83C /* WebView.swift in Sources */ = {isa = PBXBuildFile; fileRef = C66329672599CC7600EAD83C /* WebView.swift */; };
		C663296C25A1E64800EAD83C /* WebView2.swift in Sources */ = {isa = PBXBuildFile; fileRef = C663296B25A1E64800EAD83C /* WebView2.swift */; };
		C663296F25A1E88A00EAD83C /* WebView3.swift in Sources */ = {isa = PBXBuildFile; fileRef = C663296E25A1E88A00EAD83C /* WebView3.swift */; };
		C663297225A2036D00EAD83C /* TableView.swift in Sources */ = {isa = PBXBuildFile; fileRef = C663297125A2036D00EAD83C /* TableView.swift */; };
		C663297525AB3D9600EAD83C /* HabitCell.swift in Sources */ = {isa = PBXBuildFile; fileRef = C663297425AB3D9600EAD83C /* HabitCell.swift */; };
		C67AAA2F257AEF3200694B8A /* CustomTabBar.swift in Sources */ = {isa = PBXBuildFile; fileRef = C67AAA2E257AEF3200694B8A /* CustomTabBar.swift */; };
		C6AA1A21257ACB98006CCF44 /* AppDelegate.swift in Sources */ = {isa = PBXBuildFile; fileRef = C6AA1A20257ACB98006CCF44 /* AppDelegate.swift */; };
		C6AA1A23257ACB98006CCF44 /* SceneDelegate.swift in Sources */ = {isa = PBXBuildFile; fileRef = C6AA1A22257ACB98006CCF44 /* SceneDelegate.swift */; };
		C6AA1A2B257ACB98006CCF44 /* Bully_Sheet.xcdatamodeld in Sources */ = {isa = PBXBuildFile; fileRef = C6AA1A29257ACB98006CCF44 /* Bully_Sheet.xcdatamodeld */; };
		C6AA1A2D257ACB9D006CCF44 /* Assets.xcassets in Resources */ = {isa = PBXBuildFile; fileRef = C6AA1A2C257ACB9D006CCF44 /* Assets.xcassets */; };
		C6AA1A30257ACB9D006CCF44 /* LaunchScreen.storyboard in Resources */ = {isa = PBXBuildFile; fileRef = C6AA1A2E257ACB9D006CCF44 /* LaunchScreen.storyboard */; };
		C6AA1A3B257AD54D006CCF44 /* StartVC.swift in Sources */ = {isa = PBXBuildFile; fileRef = C6AA1A3A257AD54D006CCF44 /* StartVC.swift */; };
		C6AA1A41257AD56C006CCF44 /* CalendarVC.swift in Sources */ = {isa = PBXBuildFile; fileRef = C6AA1A40257AD56C006CCF44 /* CalendarVC.swift */; };
		D3A40A38FAD1686636FD09EF /* Pods_Bully_Sheet.framework in Frameworks */ = {isa = PBXBuildFile; fileRef = 68A52D8FA31251348E482D89 /* Pods_Bully_Sheet.framework */; };
/* End PBXBuildFile section */

/* Begin PBXFileReference section */
		09DD8BB725BDCB7800E7573D /* Habits+CoreDataClass.swift */ = {isa = PBXFileReference; lastKnownFileType = sourcecode.swift; path = "Habits+CoreDataClass.swift"; sourceTree = "<group>"; };
		09DD8BB825BDCB7800E7573D /* Habits+CoreDataProperties.swift */ = {isa = PBXFileReference; lastKnownFileType = sourcecode.swift; path = "Habits+CoreDataProperties.swift"; sourceTree = "<group>"; };
		68A52D8FA31251348E482D89 /* Pods_Bully_Sheet.framework */ = {isa = PBXFileReference; explicitFileType = wrapper.framework; includeInIndex = 0; path = Pods_Bully_Sheet.framework; sourceTree = BUILT_PRODUCTS_DIR; };
		7896ED116D12D70FC75CAC06 /* Pods-Bully Sheet.debug.xcconfig */ = {isa = PBXFileReference; includeInIndex = 1; lastKnownFileType = text.xcconfig; name = "Pods-Bully Sheet.debug.xcconfig"; path = "Target Support Files/Pods-Bully Sheet/Pods-Bully Sheet.debug.xcconfig"; sourceTree = "<group>"; };
		C65DA8202585456000B3BBDB /* SaveCoreData.swift */ = {isa = PBXFileReference; lastKnownFileType = sourcecode.swift; path = SaveCoreData.swift; sourceTree = "<group>"; };
		C66329672599CC7600EAD83C /* WebView.swift */ = {isa = PBXFileReference; lastKnownFileType = sourcecode.swift; path = WebView.swift; sourceTree = "<group>"; };
		C663296B25A1E64800EAD83C /* WebView2.swift */ = {isa = PBXFileReference; lastKnownFileType = sourcecode.swift; path = WebView2.swift; sourceTree = "<group>"; };
		C663296E25A1E88A00EAD83C /* WebView3.swift */ = {isa = PBXFileReference; lastKnownFileType = sourcecode.swift; path = WebView3.swift; sourceTree = "<group>"; };
		C663297125A2036D00EAD83C /* TableView.swift */ = {isa = PBXFileReference; lastKnownFileType = sourcecode.swift; path = TableView.swift; sourceTree = "<group>"; };
		C663297425AB3D9600EAD83C /* HabitCell.swift */ = {isa = PBXFileReference; lastKnownFileType = sourcecode.swift; path = HabitCell.swift; sourceTree = "<group>"; };
		C67AAA2E257AEF3200694B8A /* CustomTabBar.swift */ = {isa = PBXFileReference; lastKnownFileType = sourcecode.swift; path = CustomTabBar.swift; sourceTree = "<group>"; };
		C6AA1A1D257ACB98006CCF44 /* Bully Sheet.app */ = {isa = PBXFileReference; explicitFileType = wrapper.application; includeInIndex = 0; path = "Bully Sheet.app"; sourceTree = BUILT_PRODUCTS_DIR; };
		C6AA1A20257ACB98006CCF44 /* AppDelegate.swift */ = {isa = PBXFileReference; lastKnownFileType = sourcecode.swift; path = AppDelegate.swift; sourceTree = "<group>"; };
		C6AA1A22257ACB98006CCF44 /* SceneDelegate.swift */ = {isa = PBXFileReference; lastKnownFileType = sourcecode.swift; path = SceneDelegate.swift; sourceTree = "<group>"; };
		C6AA1A2A257ACB98006CCF44 /* Bully_Sheet.xcdatamodel */ = {isa = PBXFileReference; lastKnownFileType = wrapper.xcdatamodel; path = Bully_Sheet.xcdatamodel; sourceTree = "<group>"; };
		C6AA1A2C257ACB9D006CCF44 /* Assets.xcassets */ = {isa = PBXFileReference; lastKnownFileType = folder.assetcatalog; path = Assets.xcassets; sourceTree = "<group>"; };
		C6AA1A2F257ACB9D006CCF44 /* Base */ = {isa = PBXFileReference; lastKnownFileType = file.storyboard; name = Base; path = Base.lproj/LaunchScreen.storyboard; sourceTree = "<group>"; };
		C6AA1A31257ACB9D006CCF44 /* Info.plist */ = {isa = PBXFileReference; lastKnownFileType = text.plist.xml; path = Info.plist; sourceTree = "<group>"; };
		C6AA1A3A257AD54D006CCF44 /* StartVC.swift */ = {isa = PBXFileReference; lastKnownFileType = sourcecode.swift; path = StartVC.swift; sourceTree = "<group>"; };
		C6AA1A40257AD56C006CCF44 /* CalendarVC.swift */ = {isa = PBXFileReference; lastKnownFileType = sourcecode.swift; path = CalendarVC.swift; sourceTree = "<group>"; };
		DE33C511D0ED3ADCE53B41F4 /* Pods-Bully Sheet.release.xcconfig */ = {isa = PBXFileReference; includeInIndex = 1; lastKnownFileType = text.xcconfig; name = "Pods-Bully Sheet.release.xcconfig"; path = "Target Support Files/Pods-Bully Sheet/Pods-Bully Sheet.release.xcconfig"; sourceTree = "<group>"; };
/* End PBXFileReference section */

/* Begin PBXFrameworksBuildPhase section */
		C6AA1A1A257ACB98006CCF44 /* Frameworks */ = {
			isa = PBXFrameworksBuildPhase;
			buildActionMask = 2147483647;
			files = (
				D3A40A38FAD1686636FD09EF /* Pods_Bully_Sheet.framework in Frameworks */,
			);
			runOnlyForDeploymentPostprocessing = 0;
		};
/* End PBXFrameworksBuildPhase section */

/* Begin PBXGroup section */
		B8D72D7894063A6E7F681081 /* Frameworks */ = {
			isa = PBXGroup;
			children = (
				68A52D8FA31251348E482D89 /* Pods_Bully_Sheet.framework */,
			);
			name = Frameworks;
			sourceTree = "<group>";
		};
		C6AA1A14257ACB98006CCF44 = {
			isa = PBXGroup;
			children = (
				C6AA1A1F257ACB98006CCF44 /* Bully Sheet */,
				C6AA1A1E257ACB98006CCF44 /* Products */,
				D74C4ADFD38FAB339098E3A8 /* Pods */,
				B8D72D7894063A6E7F681081 /* Frameworks */,
			);
			sourceTree = "<group>";
		};
		C6AA1A1E257ACB98006CCF44 /* Products */ = {
			isa = PBXGroup;
			children = (
				C6AA1A1D257ACB98006CCF44 /* Bully Sheet.app */,
			);
			name = Products;
			sourceTree = "<group>";
		};
		C6AA1A1F257ACB98006CCF44 /* Bully Sheet */ = {
			isa = PBXGroup;
			children = (
				C6AA1A46257AD5FF006CCF44 /* Support */,
				C6AA1A45257AD5F6006CCF44 /* Controller */,
				C6AA1A44257AD5EE006CCF44 /* Model */,
				C6AA1A43257AD5C7006CCF44 /* View */,
				C6AA1A2C257ACB9D006CCF44 /* Assets.xcassets */,
				C6AA1A2E257ACB9D006CCF44 /* LaunchScreen.storyboard */,
				C6AA1A31257ACB9D006CCF44 /* Info.plist */,
			);
			path = "Bully Sheet";
			sourceTree = "<group>";
		};
		C6AA1A43257AD5C7006CCF44 /* View */ = {
			isa = PBXGroup;
			children = (
				C6AA1A40257AD56C006CCF44 /* CalendarVC.swift */,
				C6AA1A3A257AD54D006CCF44 /* StartVC.swift */,
				C67AAA2E257AEF3200694B8A /* CustomTabBar.swift */,
				C663297125A2036D00EAD83C /* TableView.swift */,
				C66329672599CC7600EAD83C /* WebView.swift */,
				C663296B25A1E64800EAD83C /* WebView2.swift */,
				C663296E25A1E88A00EAD83C /* WebView3.swift */,
				C663297425AB3D9600EAD83C /* HabitCell.swift */,
			);
			path = View;
			sourceTree = "<group>";
		};
		C6AA1A44257AD5EE006CCF44 /* Model */ = {
			isa = PBXGroup;
			children = (
				09DD8BB725BDCB7800E7573D /* Habits+CoreDataClass.swift */,
				09DD8BB825BDCB7800E7573D /* Habits+CoreDataProperties.swift */,
				C65DA8202585456000B3BBDB /* SaveCoreData.swift */,
				C6AA1A29257ACB98006CCF44 /* Bully_Sheet.xcdatamodeld */,
			);
			path = Model;
			sourceTree = "<group>";
		};
		C6AA1A45257AD5F6006CCF44 /* Controller */ = {
			isa = PBXGroup;
			children = (
			);
			path = Controller;
			sourceTree = "<group>";
		};
		C6AA1A46257AD5FF006CCF44 /* Support */ = {
			isa = PBXGroup;
			children = (
				C6AA1A20257ACB98006CCF44 /* AppDelegate.swift */,
				C6AA1A22257ACB98006CCF44 /* SceneDelegate.swift */,
			);
			path = Support;
			sourceTree = "<group>";
		};
		D74C4ADFD38FAB339098E3A8 /* Pods */ = {
			isa = PBXGroup;
			children = (
				7896ED116D12D70FC75CAC06 /* Pods-Bully Sheet.debug.xcconfig */,
				DE33C511D0ED3ADCE53B41F4 /* Pods-Bully Sheet.release.xcconfig */,
			);
			path = Pods;
			sourceTree = "<group>";
		};
/* End PBXGroup section */

/* Begin PBXNativeTarget section */
		C6AA1A1C257ACB98006CCF44 /* Bully Sheet */ = {
			isa = PBXNativeTarget;
			buildConfigurationList = C6AA1A34257ACB9D006CCF44 /* Build configuration list for PBXNativeTarget "Bully Sheet" */;
			buildPhases = (
				9A6A685FB1DCC60C7D73B391 /* [CP] Check Pods Manifest.lock */,
				C6AA1A19257ACB98006CCF44 /* Sources */,
				C6AA1A1A257ACB98006CCF44 /* Frameworks */,
				C6AA1A1B257ACB98006CCF44 /* Resources */,
				AD78540C14FE41A67953E7E1 /* [CP] Embed Pods Frameworks */,
			);
			buildRules = (
			);
			dependencies = (
			);
			name = "Bully Sheet";
			productName = "Bully Sheet";
			productReference = C6AA1A1D257ACB98006CCF44 /* Bully Sheet.app */;
			productType = "com.apple.product-type.application";
		};
/* End PBXNativeTarget section */

/* Begin PBXProject section */
		C6AA1A15257ACB98006CCF44 /* Project object */ = {
			isa = PBXProject;
			attributes = {
				LastSwiftUpdateCheck = 1220;
				LastUpgradeCheck = 1220;
				TargetAttributes = {
					C6AA1A1C257ACB98006CCF44 = {
						CreatedOnToolsVersion = 12.2;
					};
				};
			};
			buildConfigurationList = C6AA1A18257ACB98006CCF44 /* Build configuration list for PBXProject "Bully Sheet" */;
			compatibilityVersion = "Xcode 9.3";
			developmentRegion = en;
			hasScannedForEncodings = 0;
			knownRegions = (
				en,
				Base,
			);
			mainGroup = C6AA1A14257ACB98006CCF44;
			productRefGroup = C6AA1A1E257ACB98006CCF44 /* Products */;
			projectDirPath = "";
			projectRoot = "";
			targets = (
				C6AA1A1C257ACB98006CCF44 /* Bully Sheet */,
			);
		};
/* End PBXProject section */

/* Begin PBXResourcesBuildPhase section */
		C6AA1A1B257ACB98006CCF44 /* Resources */ = {
			isa = PBXResourcesBuildPhase;
			buildActionMask = 2147483647;
			files = (
				C6AA1A30257ACB9D006CCF44 /* LaunchScreen.storyboard in Resources */,
				C6AA1A2D257ACB9D006CCF44 /* Assets.xcassets in Resources */,
			);
			runOnlyForDeploymentPostprocessing = 0;
		};
/* End PBXResourcesBuildPhase section */

/* Begin PBXShellScriptBuildPhase section */
		9A6A685FB1DCC60C7D73B391 /* [CP] Check Pods Manifest.lock */ = {
			isa = PBXShellScriptBuildPhase;
			buildActionMask = 2147483647;
			files = (
			);
			inputFileListPaths = (
			);
			inputPaths = (
				"${PODS_PODFILE_DIR_PATH}/Podfile.lock",
				"${PODS_ROOT}/Manifest.lock",
			);
			name = "[CP] Check Pods Manifest.lock";
			outputFileListPaths = (
			);
			outputPaths = (
				"$(DERIVED_FILE_DIR)/Pods-Bully Sheet-checkManifestLockResult.txt",
			);
			runOnlyForDeploymentPostprocessing = 0;
			shellPath = /bin/sh;
			shellScript = "diff \"${PODS_PODFILE_DIR_PATH}/Podfile.lock\" \"${PODS_ROOT}/Manifest.lock\" > /dev/null\nif [ $? != 0 ] ; then\n    # print error to STDERR\n    echo \"error: The sandbox is not in sync with the Podfile.lock. Run 'pod install' or update your CocoaPods installation.\" >&2\n    exit 1\nfi\n# This output is used by Xcode 'outputs' to avoid re-running this script phase.\necho \"SUCCESS\" > \"${SCRIPT_OUTPUT_FILE_0}\"\n";
			showEnvVarsInLog = 0;
		};
		AD78540C14FE41A67953E7E1 /* [CP] Embed Pods Frameworks */ = {
			isa = PBXShellScriptBuildPhase;
			buildActionMask = 2147483647;
			files = (
			);
			inputFileListPaths = (
				"${PODS_ROOT}/Target Support Files/Pods-Bully Sheet/Pods-Bully Sheet-frameworks-${CONFIGURATION}-input-files.xcfilelist",
			);
			name = "[CP] Embed Pods Frameworks";
			outputFileListPaths = (
				"${PODS_ROOT}/Target Support Files/Pods-Bully Sheet/Pods-Bully Sheet-frameworks-${CONFIGURATION}-output-files.xcfilelist",
			);
			runOnlyForDeploymentPostprocessing = 0;
			shellPath = /bin/sh;
			shellScript = "\"${PODS_ROOT}/Target Support Files/Pods-Bully Sheet/Pods-Bully Sheet-frameworks.sh\"\n";
			showEnvVarsInLog = 0;
		};
/* End PBXShellScriptBuildPhase section */

/* Begin PBXSourcesBuildPhase section */
		C6AA1A19257ACB98006CCF44 /* Sources */ = {
			isa = PBXSourcesBuildPhase;
			buildActionMask = 2147483647;
			files = (
				C663296C25A1E64800EAD83C /* WebView2.swift in Sources */,
				C6AA1A3B257AD54D006CCF44 /* StartVC.swift in Sources */,
				C663297225A2036D00EAD83C /* TableView.swift in Sources */,
				09DD8BB925BDCB7800E7573D /* Habits+CoreDataClass.swift in Sources */,
				C65DA8212585456000B3BBDB /* SaveCoreData.swift in Sources */,
				C6AA1A2B257ACB98006CCF44 /* Bully_Sheet.xcdatamodeld in Sources */,
				C663297525AB3D9600EAD83C /* HabitCell.swift in Sources */,
				C67AAA2F257AEF3200694B8A /* CustomTabBar.swift in Sources */,
				C663296F25A1E88A00EAD83C /* WebView3.swift in Sources */,
				C6AA1A41257AD56C006CCF44 /* CalendarVC.swift in Sources */,
				C6AA1A21257ACB98006CCF44 /* AppDelegate.swift in Sources */,
				C6AA1A23257ACB98006CCF44 /* SceneDelegate.swift in Sources */,
				09DD8BBA25BDCB7800E7573D /* Habits+CoreDataProperties.swift in Sources */,
				C66329682599CC7600EAD83C /* WebView.swift in Sources */,
			);
			runOnlyForDeploymentPostprocessing = 0;
		};
/* End PBXSourcesBuildPhase section */

/* Begin PBXVariantGroup section */
		C6AA1A2E257ACB9D006CCF44 /* LaunchScreen.storyboard */ = {
			isa = PBXVariantGroup;
			children = (
				C6AA1A2F257ACB9D006CCF44 /* Base */,
			);
			name = LaunchScreen.storyboard;
			sourceTree = "<group>";
		};
/* End PBXVariantGroup section */

/* Begin XCBuildConfiguration section */
		C6AA1A32257ACB9D006CCF44 /* Debug */ = {
			isa = XCBuildConfiguration;
			buildSettings = {
				ALWAYS_SEARCH_USER_PATHS = NO;
				CLANG_ANALYZER_NONNULL = YES;
				CLANG_ANALYZER_NUMBER_OBJECT_CONVERSION = YES_AGGRESSIVE;
				CLANG_CXX_LANGUAGE_STANDARD = "gnu++14";
				CLANG_CXX_LIBRARY = "libc++";
				CLANG_ENABLE_MODULES = YES;
				CLANG_ENABLE_OBJC_ARC = YES;
				CLANG_ENABLE_OBJC_WEAK = YES;
				CLANG_WARN_BLOCK_CAPTURE_AUTORELEASING = YES;
				CLANG_WARN_BOOL_CONVERSION = YES;
				CLANG_WARN_COMMA = YES;
				CLANG_WARN_CONSTANT_CONVERSION = YES;
				CLANG_WARN_DEPRECATED_OBJC_IMPLEMENTATIONS = YES;
				CLANG_WARN_DIRECT_OBJC_ISA_USAGE = YES_ERROR;
				CLANG_WARN_DOCUMENTATION_COMMENTS = YES;
				CLANG_WARN_EMPTY_BODY = YES;
				CLANG_WARN_ENUM_CONVERSION = YES;
				CLANG_WARN_INFINITE_RECURSION = YES;
				CLANG_WARN_INT_CONVERSION = YES;
				CLANG_WARN_NON_LITERAL_NULL_CONVERSION = YES;
				CLANG_WARN_OBJC_IMPLICIT_RETAIN_SELF = YES;
				CLANG_WARN_OBJC_LITERAL_CONVERSION = YES;
				CLANG_WARN_OBJC_ROOT_CLASS = YES_ERROR;
				CLANG_WARN_QUOTED_INCLUDE_IN_FRAMEWORK_HEADER = YES;
				CLANG_WARN_RANGE_LOOP_ANALYSIS = YES;
				CLANG_WARN_STRICT_PROTOTYPES = YES;
				CLANG_WARN_SUSPICIOUS_MOVE = YES;
				CLANG_WARN_UNGUARDED_AVAILABILITY = YES_AGGRESSIVE;
				CLANG_WARN_UNREACHABLE_CODE = YES;
				CLANG_WARN__DUPLICATE_METHOD_MATCH = YES;
				COPY_PHASE_STRIP = NO;
				DEBUG_INFORMATION_FORMAT = dwarf;
				ENABLE_STRICT_OBJC_MSGSEND = YES;
				ENABLE_TESTABILITY = YES;
				GCC_C_LANGUAGE_STANDARD = gnu11;
				GCC_DYNAMIC_NO_PIC = NO;
				GCC_NO_COMMON_BLOCKS = YES;
				GCC_OPTIMIZATION_LEVEL = 0;
				GCC_PREPROCESSOR_DEFINITIONS = (
					"DEBUG=1",
					"$(inherited)",
				);
				GCC_WARN_64_TO_32_BIT_CONVERSION = YES;
				GCC_WARN_ABOUT_RETURN_TYPE = YES_ERROR;
				GCC_WARN_UNDECLARED_SELECTOR = YES;
				GCC_WARN_UNINITIALIZED_AUTOS = YES_AGGRESSIVE;
				GCC_WARN_UNUSED_FUNCTION = YES;
				GCC_WARN_UNUSED_VARIABLE = YES;
				IPHONEOS_DEPLOYMENT_TARGET = 14.2;
				MTL_ENABLE_DEBUG_INFO = INCLUDE_SOURCE;
				MTL_FAST_MATH = YES;
				ONLY_ACTIVE_ARCH = YES;
				SDKROOT = iphoneos;
				SWIFT_ACTIVE_COMPILATION_CONDITIONS = DEBUG;
				SWIFT_OPTIMIZATION_LEVEL = "-Onone";
			};
			name = Debug;
		};
		C6AA1A33257ACB9D006CCF44 /* Release */ = {
			isa = XCBuildConfiguration;
			buildSettings = {
				ALWAYS_SEARCH_USER_PATHS = NO;
				CLANG_ANALYZER_NONNULL = YES;
				CLANG_ANALYZER_NUMBER_OBJECT_CONVERSION = YES_AGGRESSIVE;
				CLANG_CXX_LANGUAGE_STANDARD = "gnu++14";
				CLANG_CXX_LIBRARY = "libc++";
				CLANG_ENABLE_MODULES = YES;
				CLANG_ENABLE_OBJC_ARC = YES;
				CLANG_ENABLE_OBJC_WEAK = YES;
				CLANG_WARN_BLOCK_CAPTURE_AUTORELEASING = YES;
				CLANG_WARN_BOOL_CONVERSION = YES;
				CLANG_WARN_COMMA = YES;
				CLANG_WARN_CONSTANT_CONVERSION = YES;
				CLANG_WARN_DEPRECATED_OBJC_IMPLEMENTATIONS = YES;
				CLANG_WARN_DIRECT_OBJC_ISA_USAGE = YES_ERROR;
				CLANG_WARN_DOCUMENTATION_COMMENTS = YES;
				CLANG_WARN_EMPTY_BODY = YES;
				CLANG_WARN_ENUM_CONVERSION = YES;
				CLANG_WARN_INFINITE_RECURSION = YES;
				CLANG_WARN_INT_CONVERSION = YES;
				CLANG_WARN_NON_LITERAL_NULL_CONVERSION = YES;
				CLANG_WARN_OBJC_IMPLICIT_RETAIN_SELF = YES;
				CLANG_WARN_OBJC_LITERAL_CONVERSION = YES;
				CLANG_WARN_OBJC_ROOT_CLASS = YES_ERROR;
				CLANG_WARN_QUOTED_INCLUDE_IN_FRAMEWORK_HEADER = YES;
				CLANG_WARN_RANGE_LOOP_ANALYSIS = YES;
				CLANG_WARN_STRICT_PROTOTYPES = YES;
				CLANG_WARN_SUSPICIOUS_MOVE = YES;
				CLANG_WARN_UNGUARDED_AVAILABILITY = YES_AGGRESSIVE;
				CLANG_WARN_UNREACHABLE_CODE = YES;
				CLANG_WARN__DUPLICATE_METHOD_MATCH = YES;
				COPY_PHASE_STRIP = NO;
				DEBUG_INFORMATION_FORMAT = "dwarf-with-dsym";
				ENABLE_NS_ASSERTIONS = NO;
				ENABLE_STRICT_OBJC_MSGSEND = YES;
				GCC_C_LANGUAGE_STANDARD = gnu11;
				GCC_NO_COMMON_BLOCKS = YES;
				GCC_WARN_64_TO_32_BIT_CONVERSION = YES;
				GCC_WARN_ABOUT_RETURN_TYPE = YES_ERROR;
				GCC_WARN_UNDECLARED_SELECTOR = YES;
				GCC_WARN_UNINITIALIZED_AUTOS = YES_AGGRESSIVE;
				GCC_WARN_UNUSED_FUNCTION = YES;
				GCC_WARN_UNUSED_VARIABLE = YES;
				IPHONEOS_DEPLOYMENT_TARGET = 14.2;
				MTL_ENABLE_DEBUG_INFO = NO;
				MTL_FAST_MATH = YES;
				SDKROOT = iphoneos;
				SWIFT_COMPILATION_MODE = wholemodule;
				SWIFT_OPTIMIZATION_LEVEL = "-O";
				VALIDATE_PRODUCT = YES;
			};
			name = Release;
		};
		C6AA1A35257ACB9D006CCF44 /* Debug */ = {
			isa = XCBuildConfiguration;
			baseConfigurationReference = 7896ED116D12D70FC75CAC06 /* Pods-Bully Sheet.debug.xcconfig */;
			buildSettings = {
				ASSETCATALOG_COMPILER_APPICON_NAME = AppIcon;
				ASSETCATALOG_COMPILER_GLOBAL_ACCENT_COLOR_NAME = AccentColor;
				CODE_SIGN_STYLE = Automatic;
				DEVELOPMENT_TEAM = 95ZHG55NFY;
				INFOPLIST_FILE = "Bully Sheet/Info.plist";
				LD_RUNPATH_SEARCH_PATHS = (
					"$(inherited)",
					"@executable_path/Frameworks",
				);
				PRODUCT_BUNDLE_IDENTIFIER = "varadzin.com.Bully-Sheet";
				PRODUCT_NAME = "$(TARGET_NAME)";
				SWIFT_VERSION = 5.0;
				TARGETED_DEVICE_FAMILY = 1;
			};
			name = Debug;
		};
		C6AA1A36257ACB9D006CCF44 /* Release */ = {
			isa = XCBuildConfiguration;
			baseConfigurationReference = DE33C511D0ED3ADCE53B41F4 /* Pods-Bully Sheet.release.xcconfig */;
			buildSettings = {
				ASSETCATALOG_COMPILER_APPICON_NAME = AppIcon;
				ASSETCATALOG_COMPILER_GLOBAL_ACCENT_COLOR_NAME = AccentColor;
				CODE_SIGN_STYLE = Automatic;
				DEVELOPMENT_TEAM = 95ZHG55NFY;
				INFOPLIST_FILE = "Bully Sheet/Info.plist";
				LD_RUNPATH_SEARCH_PATHS = (
					"$(inherited)",
					"@executable_path/Frameworks",
				);
				PRODUCT_BUNDLE_IDENTIFIER = "varadzin.com.Bully-Sheet";
				PRODUCT_NAME = "$(TARGET_NAME)";
				SWIFT_VERSION = 5.0;
				TARGETED_DEVICE_FAMILY = 1;
			};
			name = Release;
		};
/* End XCBuildConfiguration section */

/* Begin XCConfigurationList section */
		C6AA1A18257ACB98006CCF44 /* Build configuration list for PBXProject "Bully Sheet" */ = {
			isa = XCConfigurationList;
			buildConfigurations = (
				C6AA1A32257ACB9D006CCF44 /* Debug */,
				C6AA1A33257ACB9D006CCF44 /* Release */,
			);
			defaultConfigurationIsVisible = 0;
			defaultConfigurationName = Release;
		};
		C6AA1A34257ACB9D006CCF44 /* Build configuration list for PBXNativeTarget "Bully Sheet" */ = {
			isa = XCConfigurationList;
			buildConfigurations = (
				C6AA1A35257ACB9D006CCF44 /* Debug */,
				C6AA1A36257ACB9D006CCF44 /* Release */,
			);
			defaultConfigurationIsVisible = 0;
			defaultConfigurationName = Release;
		};
/* End XCConfigurationList section */

/* Begin XCVersionGroup section */
		C6AA1A29257ACB98006CCF44 /* Bully_Sheet.xcdatamodeld */ = {
			isa = XCVersionGroup;
			children = (
				C6AA1A2A257ACB98006CCF44 /* Bully_Sheet.xcdatamodel */,
			);
			currentVersion = C6AA1A2A257ACB98006CCF44 /* Bully_Sheet.xcdatamodel */;
			path = Bully_Sheet.xcdatamodeld;
			sourceTree = "<group>";
			versionGroupType = wrapper.xcdatamodel;
		};
/* End XCVersionGroup section */
	};
	rootObject = C6AA1A15257ACB98006CCF44 /* Project object */;
}
